#MicroXplorer Configuration settings - do not modify
CAD.formats=
CAD.pinconfig=
CAD.provider=
Mcu.CPN=STM32U585AII6Q
Mcu.Family=STM32U5
Mcu.IP0=CORTEX_M33_NS
Mcu.IP1=GPIO
Mcu.IP2=ICACHE
Mcu.IP3=NVIC
Mcu.IP4=PWR
Mcu.IP5=RCC
Mcu.IP6=SYS
Mcu.IP7=USART1
Mcu.IPNb=8
Mcu.Name=STM32U585AIIxQ
Mcu.Package=UFBGA169
Mcu.Pin0=PH7
Mcu.Pin1=PH6
Mcu.Pin2=PA9
Mcu.Pin3=PA10
Mcu.PinsNb=4
Mcu.ThirdPartyNb=0
Mcu.UserConstants=
Mcu.UserName=STM32U585AIIxQ
PA10.Mode=Asynchronous
PA10.Signal=USART1_RX
PA9.Mode=Asynchronous
PA9.Signal=USART1_TX
PH6.GPIOParameters=GPIO_Label
PH6.GPIO_Label=LED_RED
PH6.Locked=true
PH6.Signal=GPIO_Output
PH7.GPIOParameters=GPIO_Label
PH7.GPIO_Label=LED_GREEN
PH7.Locked=true
PH7.Signal=GPIO_Output
PinOutPanel.RotationAngle=0
ProjectManager.AskForMigrate=true
ProjectManager.BackupPrev498ious=false
ProjectManager.CompilerOptimize=6
ProjectManager.ComputerToolchain=false
ProjectManager.CoupleFile=false
ProjectManager.DeletePrevious=true
ProjectManager.DeviceId=STM32U585AIIxQ
ProjectManager.FreePins=false
ProjectManager.HappyFuncOption=false
ProjectManager.HeapSize=0x200
ProjectManager.KeepUserCode=true
ProjectManager.LastFirmware=true
ProjectManager.LibraryCopy=1
ProjectManager.MainLocation=Core/Src
ProjectManager.NoMain=false
ProjectManager.PreviousToolchain=
ProjectManager.ProjectBuildStruct=
ProjectManager.ProjectFileName=thesis-iot-firmware.ioc
ProjectManager.ProjectName=thesis-iot-firmware
ProjectManager.ProjectStructure=
ProjectManager.RegisterCallBack=
ProjectManager.StackSize=0x400
ProjectManager.TargetToolchain=Makefile
ProjectManager.ToolChainId=MakesfileToolchain
ProjectManager.UnderRoot=false
RCC.ADCFreq_Value=16000000
RCC.AHBFreq_Value=160000000
RCC.APB1Freq_Value=160000000
RCC.APB1TimFreq_Value=160000000
RCC.APB2Freq_Value=160000000
RCC.APB2TimFreq_Value=160000000
RCC.APB3Freq_Value=160000000
RCC.CortexFreq_Value=160000000
RCC.FCLKCortexFreq_Value=160000000
RCC.FamilyName=M
RCC.HCLKFreq_Value=160000000
RCC.HSE_VALUE=16000000
RCC.HSI_VALUE=16000000
RCC.IPParameters=ADCFreq_Value,AHBFreq_Value,APB1Freq_Value,APB1TimFreq_Value,APB2Freq_Value,APB2TimFreq_Value,APB3Freq_Value,CortexFreq_Value,FCLKCortexFreq_Value,FamilyName,HCLKFreq_Value,HSE_VALUE,HSI_VALUE,MSIClockRange,MSI_VALUE,PLLPoutputFreq_Value,PLLQoutputFreq_Value,PLLRCLKFreq_Value,PLLSourceVirtual,SYSCLKFreq_VALUE,SYSCLKSource,VCOInputFreq_Value,VCOOutputFreq_Value
RCC.MSIClockRange=RCC_MSIRANGE_0
RCC.MSI_VALUE=48000000
RCC.PLLPoutputFreq_Value=80000000
RCC.PLLQoutputFreq_Value=80000000
RCC.PLLRCLKFreq_Value=160000000
RCC.PLLSourceVirtual=RCC_PLLSOURCE_MSI
RCC.SYSCLKFreq_VALUE=160000000
RCC.SYSCLKSource=RCC_SYSCLKSOURCE_PLLCLK
RCC.VCOInputFreq_Value=48000000
RCC.VCOOutputFreq_Value=320000000
USART1.BaudRate=115200
USART1.IPParameters=VirtualMode-Asynchronous,BaudRate
USART1.VirtualMode-Asynchronous=VM_ASYNC
VP_ICACHE_VS_ICACHE.Mode=DirectMappedCache
VP_ICACHE_VS_ICACHE.Signal=ICACHE_VS_ICACHE
VP_PWR_VS_SECSignals.Mode=Security/Privilege
VP_PWR_VS_SECSignals.Signal=PWR_VS_SECSignals
VP_SYS_VS_Systick.Mode=SysTick
VP_SYS_VS_Systick.Signal=SYS_VS_Systick
board=custom
